// !$*UTF8*$!
{
	archiveVersion = 1;
	classes = {
	};
	objectVersion = 50;
	objects = {

/* Begin PBXBuildFile section */
		23DC45A020B041FF009E9C3D /* GoogleService-Info.plist in Resources */ = {isa = PBXBuildFile; fileRef = 23DC459F20B041FF009E9C3D /* GoogleService-Info.plist */; };
		23DC45A720B0436F009E9C3D /* AuthService.swift in Sources */ = {isa = PBXBuildFile; fileRef = 23DC45A620B0436F009E9C3D /* AuthService.swift */; };
		23DC45A920B0437B009E9C3D /* DataService.swift in Sources */ = {isa = PBXBuildFile; fileRef = 23DC45A820B0437B009E9C3D /* DataService.swift */; };
		23E82E0520A348650073981E /* AppDelegate.swift in Sources */ = {isa = PBXBuildFile; fileRef = 23E82E0420A348650073981E /* AppDelegate.swift */; };
		23E82E0720A348650073981E /* HomeViewController.swift in Sources */ = {isa = PBXBuildFile; fileRef = 23E82E0620A348650073981E /* HomeViewController.swift */; };
		23E82E0920A348650073981E /* ChoresViewController.swift in Sources */ = {isa = PBXBuildFile; fileRef = 23E82E0820A348650073981E /* ChoresViewController.swift */; };
		23E82E0C20A348660073981E /* Main.storyboard in Resources */ = {isa = PBXBuildFile; fileRef = 23E82E0A20A348660073981E /* Main.storyboard */; };
		23E82E0E20A348670073981E /* Assets.xcassets in Resources */ = {isa = PBXBuildFile; fileRef = 23E82E0D20A348670073981E /* Assets.xcassets */; };
		23E82E1120A348670073981E /* LaunchScreen.storyboard in Resources */ = {isa = PBXBuildFile; fileRef = 23E82E0F20A348670073981E /* LaunchScreen.storyboard */; };
		23F4D47D20B04A2F00446A5B /* LoginViewController.swift in Sources */ = {isa = PBXBuildFile; fileRef = 23F4D47C20B04A2F00446A5B /* LoginViewController.swift */; };
		C4966389EDDFAE86F7343C3B /* Pods_house.framework in Frameworks */ = {isa = PBXBuildFile; fileRef = 434973F18E889D11359FC786 /* Pods_house.framework */; };
/* End PBXBuildFile section */

/* Begin PBXFileReference section */
		1E544F8441A08D81FFB9F3D6 /* Pods-house.release.xcconfig */ = {isa = PBXFileReference; includeInIndex = 1; lastKnownFileType = text.xcconfig; name = "Pods-house.release.xcconfig"; path = "Pods/Target Support Files/Pods-house/Pods-house.release.xcconfig"; sourceTree = "<group>"; };
		23DC459F20B041FF009E9C3D /* GoogleService-Info.plist */ = {isa = PBXFileReference; fileEncoding = 4; lastKnownFileType = text.plist.xml; path = "GoogleService-Info.plist"; sourceTree = "<group>"; };
		23DC45A620B0436F009E9C3D /* AuthService.swift */ = {isa = PBXFileReference; lastKnownFileType = sourcecode.swift; path = AuthService.swift; sourceTree = "<group>"; };
		23DC45A820B0437B009E9C3D /* DataService.swift */ = {isa = PBXFileReference; lastKnownFileType = sourcecode.swift; path = DataService.swift; sourceTree = "<group>"; };
		23E82E0120A348650073981E /* house.app */ = {isa = PBXFileReference; explicitFileType = wrapper.application; includeInIndex = 0; path = house.app; sourceTree = BUILT_PRODUCTS_DIR; };
		23E82E0420A348650073981E /* AppDelegate.swift */ = {isa = PBXFileReference; lastKnownFileType = sourcecode.swift; path = AppDelegate.swift; sourceTree = "<group>"; };
		23E82E0620A348650073981E /* HomeViewController.swift */ = {isa = PBXFileReference; lastKnownFileType = sourcecode.swift; path = HomeViewController.swift; sourceTree = "<group>"; };
		23E82E0820A348650073981E /* ChoresViewController.swift */ = {isa = PBXFileReference; lastKnownFileType = sourcecode.swift; path = ChoresViewController.swift; sourceTree = "<group>"; };
		23E82E0B20A348660073981E /* Base */ = {isa = PBXFileReference; lastKnownFileType = file.storyboard; name = Base; path = Base.lproj/Main.storyboard; sourceTree = "<group>"; };
		23E82E0D20A348670073981E /* Assets.xcassets */ = {isa = PBXFileReference; lastKnownFileType = folder.assetcatalog; path = Assets.xcassets; sourceTree = "<group>"; };
		23E82E1020A348670073981E /* Base */ = {isa = PBXFileReference; lastKnownFileType = file.storyboard; name = Base; path = Base.lproj/LaunchScreen.storyboard; sourceTree = "<group>"; };
		23E82E1220A348670073981E /* Info.plist */ = {isa = PBXFileReference; lastKnownFileType = text.plist.xml; path = Info.plist; sourceTree = "<group>"; };
		23F4D47C20B04A2F00446A5B /* LoginViewController.swift */ = {isa = PBXFileReference; lastKnownFileType = sourcecode.swift; path = LoginViewController.swift; sourceTree = "<group>"; };
		434973F18E889D11359FC786 /* Pods_house.framework */ = {isa = PBXFileReference; explicitFileType = wrapper.framework; includeInIndex = 0; path = Pods_house.framework; sourceTree = BUILT_PRODUCTS_DIR; };
		9D8F5BAA93C5CA4105F84533 /* Pods-house.debug.xcconfig */ = {isa = PBXFileReference; includeInIndex = 1; lastKnownFileType = text.xcconfig; name = "Pods-house.debug.xcconfig"; path = "Pods/Target Support Files/Pods-house/Pods-house.debug.xcconfig"; sourceTree = "<group>"; };
/* End PBXFileReference section */

/* Begin PBXFrameworksBuildPhase section */
		23E82DFE20A348650073981E /* Frameworks */ = {
			isa = PBXFrameworksBuildPhase;
			buildActionMask = 2147483647;
			files = (
				C4966389EDDFAE86F7343C3B /* Pods_house.framework in Frameworks */,
			);
			runOnlyForDeploymentPostprocessing = 0;
		};
/* End PBXFrameworksBuildPhase section */

/* Begin PBXGroup section */
		0360DD9E96B9A6D9850083FC /* Pods */ = {
			isa = PBXGroup;
			children = (
				9D8F5BAA93C5CA4105F84533 /* Pods-house.debug.xcconfig */,
				1E544F8441A08D81FFB9F3D6 /* Pods-house.release.xcconfig */,
			);
			name = Pods;
			sourceTree = "<group>";
		};
		23DC45A120B0424B009E9C3D /* Services */ = {
			isa = PBXGroup;
			children = (
				23DC45A620B0436F009E9C3D /* AuthService.swift */,
				23DC45A820B0437B009E9C3D /* DataService.swift */,
			);
			path = Services;
			sourceTree = "<group>";
		};
		23DC45A220B04251009E9C3D /* Extensions */ = {
			isa = PBXGroup;
			children = (
			);
			path = Extensions;
			sourceTree = "<group>";
		};
		23DC45A320B04256009E9C3D /* Model */ = {
			isa = PBXGroup;
			children = (
			);
			path = Model;
			sourceTree = "<group>";
		};
		23DC45A420B04260009E9C3D /* View */ = {
			isa = PBXGroup;
			children = (
			);
			path = View;
			sourceTree = "<group>";
		};
		23DC45A520B04265009E9C3D /* Controller */ = {
			isa = PBXGroup;
			children = (
				23E82E0620A348650073981E /* HomeViewController.swift */,
				23E82E0820A348650073981E /* ChoresViewController.swift */,
				23F4D47C20B04A2F00446A5B /* LoginViewController.swift */,
			);
			path = Controller;
			sourceTree = "<group>";
		};
		23E82DF820A348650073981E = {
			isa = PBXGroup;
			children = (
				23E82E0320A348650073981E /* house */,
				23E82E0220A348650073981E /* Products */,
				0360DD9E96B9A6D9850083FC /* Pods */,
				3418C86140477F536B0A22ED /* Frameworks */,
			);
			sourceTree = "<group>";
		};
		23E82E0220A348650073981E /* Products */ = {
			isa = PBXGroup;
			children = (
				23E82E0120A348650073981E /* house.app */,
			);
			name = Products;
			sourceTree = "<group>";
		};
		23E82E0320A348650073981E /* house */ = {
			isa = PBXGroup;
			children = (
				23DC45A220B04251009E9C3D /* Extensions */,
				23DC45A120B0424B009E9C3D /* Services */,
				23DC45A320B04256009E9C3D /* Model */,
				23DC45A420B04260009E9C3D /* View */,
				23DC45A520B04265009E9C3D /* Controller */,
				23E82E0420A348650073981E /* AppDelegate.swift */,
				23E82E0A20A348660073981E /* Main.storyboard */,
				23E82E0D20A348670073981E /* Assets.xcassets */,
				23E82E0F20A348670073981E /* LaunchScreen.storyboard */,
				23E82E1220A348670073981E /* Info.plist */,
				23DC459F20B041FF009E9C3D /* GoogleService-Info.plist */,
			);
			path = house;
			sourceTree = "<group>";
		};
		3418C86140477F536B0A22ED /* Frameworks */ = {
			isa = PBXGroup;
			children = (
				434973F18E889D11359FC786 /* Pods_house.framework */,
			);
			name = Frameworks;
			sourceTree = "<group>";
		};
/* End PBXGroup section */

/* Begin PBXNativeTarget section */
		23E82E0020A348650073981E /* house */ = {
			isa = PBXNativeTarget;
			buildConfigurationList = 23E82E1520A348670073981E /* Build configuration list for PBXNativeTarget "house" */;
			buildPhases = (
				72A507E38894560E595303C7 /* [CP] Check Pods Manifest.lock */,
				23E82DFD20A348650073981E /* Sources */,
				23E82DFE20A348650073981E /* Frameworks */,
				23E82DFF20A348650073981E /* Resources */,
				04EE714AB696EE3F67F1D2E1 /* [CP] Embed Pods Frameworks */,
			);
			buildRules = (
			);
			dependencies = (
			);
			name = house;
			productName = house;
			productReference = 23E82E0120A348650073981E /* house.app */;
			productType = "com.apple.product-type.application";
		};
/* End PBXNativeTarget section */

/* Begin PBXProject section */
		23E82DF920A348650073981E /* Project object */ = {
			isa = PBXProject;
			attributes = {
				LastSwiftUpdateCheck = 0930;
				LastUpgradeCheck = 0930;
				ORGANIZATIONNAME = "James Saeed";
				TargetAttributes = {
					23E82E0020A348650073981E = {
						CreatedOnToolsVersion = 9.3;
					};
				};
			};
			buildConfigurationList = 23E82DFC20A348650073981E /* Build configuration list for PBXProject "house" */;
			compatibilityVersion = "Xcode 9.3";
			developmentRegion = en;
			hasScannedForEncodings = 0;
			knownRegions = (
				en,
				Base,
			);
			mainGroup = 23E82DF820A348650073981E;
			productRefGroup = 23E82E0220A348650073981E /* Products */;
			projectDirPath = "";
			projectRoot = "";
			targets = (
				23E82E0020A348650073981E /* house */,
			);
		};
/* End PBXProject section */

/* Begin PBXResourcesBuildPhase section */
		23E82DFF20A348650073981E /* Resources */ = {
			isa = PBXResourcesBuildPhase;
			buildActionMask = 2147483647;
			files = (
				23E82E1120A348670073981E /* LaunchScreen.storyboard in Resources */,
				23DC45A020B041FF009E9C3D /* GoogleService-Info.plist in Resources */,
				23E82E0E20A348670073981E /* Assets.xcassets in Resources */,
				23E82E0C20A348660073981E /* Main.storyboard in Resources */,
			);
			runOnlyForDeploymentPostprocessing = 0;
		};
/* End PBXResourcesBuildPhase section */

/* Begin PBXShellScriptBuildPhase section */
		04EE714AB696EE3F67F1D2E1 /* [CP] Embed Pods Frameworks */ = {
			isa = PBXShellScriptBuildPhase;
			buildActionMask = 2147483647;
			files = (
			);
			inputPaths = (
				"${SRCROOT}/Pods/Target Support Files/Pods-house/Pods-house-frameworks.sh",
				"${BUILT_PRODUCTS_DIR}/GTMSessionFetcher/GTMSessionFetcher.framework",
				"${BUILT_PRODUCTS_DIR}/GoogleToolboxForMac/GoogleToolboxForMac.framework",
				"${BUILT_PRODUCTS_DIR}/leveldb-library/leveldb.framework",
				"${BUILT_PRODUCTS_DIR}/nanopb/nanopb.framework",
			);
			name = "[CP] Embed Pods Frameworks";
			outputPaths = (
				"${TARGET_BUILD_DIR}/${FRAMEWORKS_FOLDER_PATH}/GTMSessionFetcher.framework",
				"${TARGET_BUILD_DIR}/${FRAMEWORKS_FOLDER_PATH}/GoogleToolboxForMac.framework",
				"${TARGET_BUILD_DIR}/${FRAMEWORKS_FOLDER_PATH}/leveldb.framework",
				"${TARGET_BUILD_DIR}/${FRAMEWORKS_FOLDER_PATH}/nanopb.framework",
			);
			runOnlyForDeploymentPostprocessing = 0;
			shellPath = /bin/sh;
			shellScript = "\"${SRCROOT}/Pods/Target Support Files/Pods-house/Pods-house-frameworks.sh\"\n";
			showEnvVarsInLog = 0;
		};
		72A507E38894560E595303C7 /* [CP] Check Pods Manifest.lock */ = {
			isa = PBXShellScriptBuildPhase;
			buildActionMask = 2147483647;
			files = (
			);
			inputPaths = (
				"${PODS_PODFILE_DIR_PATH}/Podfile.lock",
				"${PODS_ROOT}/Manifest.lock",
			);
			name = "[CP] Check Pods Manifest.lock";
			outputPaths = (
				"$(DERIVED_FILE_DIR)/Pods-house-checkManifestLockResult.txt",
			);
			runOnlyForDeploymentPostprocessing = 0;
			shellPath = /bin/sh;
			shellScript = "diff \"${PODS_PODFILE_DIR_PATH}/Podfile.lock\" \"${PODS_ROOT}/Manifest.lock\" > /dev/null\nif [ $? != 0 ] ; then\n    # print error to STDERR\n    echo \"error: The sandbox is not in sync with the Podfile.lock. Run 'pod install' or update your CocoaPods installation.\" >&2\n    exit 1\nfi\n# This output is used by Xcode 'outputs' to avoid re-running this script phase.\necho \"SUCCESS\" > \"${SCRIPT_OUTPUT_FILE_0}\"\n";
			showEnvVarsInLog = 0;
		};
/* End PBXShellScriptBuildPhase section */

/* Begin PBXSourcesBuildPhase section */
		23E82DFD20A348650073981E /* Sources */ = {
			isa = PBXSourcesBuildPhase;
			buildActionMask = 2147483647;
			files = (
				23F4D47D20B04A2F00446A5B /* LoginViewController.swift in Sources */,
				23E82E0920A348650073981E /* ChoresViewController.swift in Sources */,
				23E82E0520A348650073981E /* AppDelegate.swift in Sources */,
				23E82E0720A348650073981E /* HomeViewController.swift in Sources */,
				23DC45A720B0436F009E9C3D /* AuthService.swift in Sources */,
				23DC45A920B0437B009E9C3D /* DataService.swift in Sources */,
			);
			runOnlyForDeploymentPostprocessing = 0;
		};
/* End PBXSourcesBuildPhase section */

/* Begin PBXVariantGroup section */
		23E82E0A20A348660073981E /* Main.storyboard */ = {
			isa = PBXVariantGroup;
			children = (
				23E82E0B20A348660073981E /* Base */,
			);
			name = Main.storyboard;
			sourceTree = "<group>";
		};
		23E82E0F20A348670073981E /* LaunchScreen.storyboard */ = {
			isa = PBXVariantGroup;
			children = (
				23E82E1020A348670073981E /* Base */,
			);
			name = LaunchScreen.storyboard;
			sourceTree = "<group>";
		};
/* End PBXVariantGroup section */

/* Begin XCBuildConfiguration section */
		23E82E1320A348670073981E /* Debug */ = {
			isa = XCBuildConfiguration;
			buildSettings = {
				ALWAYS_SEARCH_USER_PATHS = NO;
				CLANG_ANALYZER_NONNULL = YES;
				CLANG_ANALYZER_NUMBER_OBJECT_CONVERSION = YES_AGGRESSIVE;
				CLANG_CXX_LANGUAGE_STANDARD = "gnu++14";
				CLANG_CXX_LIBRARY = "libc++";
				CLANG_ENABLE_MODULES = YES;
				CLANG_ENABLE_OBJC_ARC = YES;
				CLANG_ENABLE_OBJC_WEAK = YES;
				CLANG_WARN_BLOCK_CAPTURE_AUTORELEASING = YES;
				CLANG_WARN_BOOL_CONVERSION = YES;
				CLANG_WARN_COMMA = YES;
				CLANG_WARN_CONSTANT_CONVERSION = YES;
				CLANG_WARN_DEPRECATED_OBJC_IMPLEMENTATIONS = YES;
				CLANG_WARN_DIRECT_OBJC_ISA_USAGE = YES_ERROR;
				CLANG_WARN_DOCUMENTATION_COMMENTS = YES;
				CLANG_WARN_EMPTY_BODY = YES;
				CLANG_WARN_ENUM_CONVERSION = YES;
				CLANG_WARN_INFINITE_RECURSION = YES;
				CLANG_WARN_INT_CONVERSION = YES;
				CLANG_WARN_NON_LITERAL_NULL_CONVERSION = YES;
				CLANG_WARN_OBJC_IMPLICIT_RETAIN_SELF = YES;
				CLANG_WARN_OBJC_LITERAL_CONVERSION = YES;
				CLANG_WARN_OBJC_ROOT_CLASS = YES_ERROR;
				CLANG_WARN_RANGE_LOOP_ANALYSIS = YES;
				CLANG_WARN_STRICT_PROTOTYPES = YES;
				CLANG_WARN_SUSPICIOUS_MOVE = YES;
				CLANG_WARN_UNGUARDED_AVAILABILITY = YES_AGGRESSIVE;
				CLANG_WARN_UNREACHABLE_CODE = YES;
				CLANG_WARN__DUPLICATE_METHOD_MATCH = YES;
				CODE_SIGN_IDENTITY = "iPhone Developer";
				COPY_PHASE_STRIP = NO;
				DEBUG_INFORMATION_FORMAT = dwarf;
				ENABLE_STRICT_OBJC_MSGSEND = YES;
				ENABLE_TESTABILITY = YES;
				GCC_C_LANGUAGE_STANDARD = gnu11;
				GCC_DYNAMIC_NO_PIC = NO;
				GCC_NO_COMMON_BLOCKS = YES;
				GCC_OPTIMIZATION_LEVEL = 0;
				GCC_PREPROCESSOR_DEFINITIONS = (
					"DEBUG=1",
					"$(inherited)",
				);
				GCC_WARN_64_TO_32_BIT_CONVERSION = YES;
				GCC_WARN_ABOUT_RETURN_TYPE = YES_ERROR;
				GCC_WARN_UNDECLARED_SELECTOR = YES;
				GCC_WARN_UNINITIALIZED_AUTOS = YES_AGGRESSIVE;
				GCC_WARN_UNUSED_FUNCTION = YES;
				GCC_WARN_UNUSED_VARIABLE = YES;
				IPHONEOS_DEPLOYMENT_TARGET = 11.3;
				MTL_ENABLE_DEBUG_INFO = YES;
				ONLY_ACTIVE_ARCH = YES;
				SDKROOT = iphoneos;
				SWIFT_ACTIVE_COMPILATION_CONDITIONS = DEBUG;
				SWIFT_OPTIMIZATION_LEVEL = "-Onone";
			};
			name = Debug;
		};
		23E82E1420A348670073981E /* Release */ = {
			isa = XCBuildConfiguration;
			buildSettings = {
				ALWAYS_SEARCH_USER_PATHS = NO;
				CLANG_ANALYZER_NONNULL = YES;
				CLANG_ANALYZER_NUMBER_OBJECT_CONVERSION = YES_AGGRESSIVE;
				CLANG_CXX_LANGUAGE_STANDARD = "gnu++14";
				CLANG_CXX_LIBRARY = "libc++";
				CLANG_ENABLE_MODULES = YES;
				CLANG_ENABLE_OBJC_ARC = YES;
				CLANG_ENABLE_OBJC_WEAK = YES;
				CLANG_WARN_BLOCK_CAPTURE_AUTORELEASING = YES;
				CLANG_WARN_BOOL_CONVERSION = YES;
				CLANG_WARN_COMMA = YES;
				CLANG_WARN_CONSTANT_CONVERSION = YES;
				CLANG_WARN_DEPRECATED_OBJC_IMPLEMENTATIONS = YES;
				CLANG_WARN_DIRECT_OBJC_ISA_USAGE = YES_ERROR;
				CLANG_WARN_DOCUMENTATION_COMMENTS = YES;
				CLANG_WARN_EMPTY_BODY = YES;
				CLANG_WARN_ENUM_CONVERSION = YES;
				CLANG_WARN_INFINITE_RECURSION = YES;
				CLANG_WARN_INT_CONVERSION = YES;
				CLANG_WARN_NON_LITERAL_NULL_CONVERSION = YES;
				CLANG_WARN_OBJC_IMPLICIT_RETAIN_SELF = YES;
				CLANG_WARN_OBJC_LITERAL_CONVERSION = YES;
				CLANG_WARN_OBJC_ROOT_CLASS = YES_ERROR;
				CLANG_WARN_RANGE_LOOP_ANALYSIS = YES;
				CLANG_WARN_STRICT_PROTOTYPES = YES;
				CLANG_WARN_SUSPICIOUS_MOVE = YES;
				CLANG_WARN_UNGUARDED_AVAILABILITY = YES_AGGRESSIVE;
				CLANG_WARN_UNREACHABLE_CODE = YES;
				CLANG_WARN__DUPLICATE_METHOD_MATCH = YES;
				CODE_SIGN_IDENTITY = "iPhone Developer";
				COPY_PHASE_STRIP = NO;
				DEBUG_INFORMATION_FORMAT = "dwarf-with-dsym";
				ENABLE_NS_ASSERTIONS = NO;
				ENABLE_STRICT_OBJC_MSGSEND = YES;
				GCC_C_LANGUAGE_STANDARD = gnu11;
				GCC_NO_COMMON_BLOCKS = YES;
				GCC_WARN_64_TO_32_BIT_CONVERSION = YES;
				GCC_WARN_ABOUT_RETURN_TYPE = YES_ERROR;
				GCC_WARN_UNDECLARED_SELECTOR = YES;
				GCC_WARN_UNINITIALIZED_AUTOS = YES_AGGRESSIVE;
				GCC_WARN_UNUSED_FUNCTION = YES;
				GCC_WARN_UNUSED_VARIABLE = YES;
				IPHONEOS_DEPLOYMENT_TARGET = 11.3;
				MTL_ENABLE_DEBUG_INFO = NO;
				SDKROOT = iphoneos;
				SWIFT_COMPILATION_MODE = wholemodule;
				SWIFT_OPTIMIZATION_LEVEL = "-O";
				VALIDATE_PRODUCT = YES;
			};
			name = Release;
		};
		23E82E1620A348670073981E /* Debug */ = {
			isa = XCBuildConfiguration;
			baseConfigurationReference = 9D8F5BAA93C5CA4105F84533 /* Pods-house.debug.xcconfig */;
			buildSettings = {
				ASSETCATALOG_COMPILER_APPICON_NAME = AppIcon;
				CODE_SIGN_STYLE = Automatic;
				DEVELOPMENT_TEAM = 577WSH643L;
				INFOPLIST_FILE = house/Info.plist;
				LD_RUNPATH_SEARCH_PATHS = (
					"$(inherited)",
					"@executable_path/Frameworks",
				);
				PRODUCT_BUNDLE_IDENTIFIER = com.evh98.house;
				PRODUCT_NAME = "$(TARGET_NAME)";
				SWIFT_VERSION = 4.0;
				TARGETED_DEVICE_FAMILY = "1,2";
			};
			name = Debug;
		};
		23E82E1720A348670073981E /* Release */ = {
			isa = XCBuildConfiguration;
			baseConfigurationReference = 1E544F8441A08D81FFB9F3D6 /* Pods-house.release.xcconfig */;
			buildSettings = {
				ASSETCATALOG_COMPILER_APPICON_NAME = AppIcon;
				CODE_SIGN_STYLE = Automatic;
				DEVELOPMENT_TEAM = 577WSH643L;
				INFOPLIST_FILE = house/Info.plist;
				LD_RUNPATH_SEARCH_PATHS = (
					"$(inherited)",
					"@executable_path/Frameworks",
				);
				PRODUCT_BUNDLE_IDENTIFIER = com.evh98.house;
				PRODUCT_NAME = "$(TARGET_NAME)";
				SWIFT_VERSION = 4.0;
				TARGETED_DEVICE_FAMILY = "1,2";
			};
			name = Release;
		};
/* End XCBuildConfiguration section */

/* Begin XCConfigurationList section */
		23E82DFC20A348650073981E /* Build configuration list for PBXProject "house" */ = {
			isa = XCConfigurationList;
			buildConfigurations = (
				23E82E1320A348670073981E /* Debug */,
				23E82E1420A348670073981E /* Release */,
			);
			defaultConfigurationIsVisible = 0;
			defaultConfigurationName = Release;
		};
		23E82E1520A348670073981E /* Build configuration list for PBXNativeTarget "house" */ = {
			isa = XCConfigurationList;
			buildConfigurations = (
				23E82E1620A348670073981E /* Debug */,
				23E82E1720A348670073981E /* Release */,
			);
			defaultConfigurationIsVisible = 0;
			defaultConfigurationName = Release;
		};
/* End XCConfigurationList section */
	};
	rootObject = 23E82DF920A348650073981E /* Project object */;
}
